{
  "name": "counter",
  "lockfileVersion": 3,
  "requires": true,
  "packages": {
    "": {
      "dependencies": {
        "buffer-browserify": "^0.2.5"
      }
    },
    "node_modules/base64-js": {
      "version": "0.0.8",
      "resolved": "https://registry.npmjs.org/base64-js/-/base64-js-0.0.8.tgz",
      "integrity": "sha512-3XSA2cR/h/73EzlXXdU6YNycmYI7+kicTxks4eJg2g39biHR84slg2+des+p7iHYhbRg/udIS4TD53WabcOUkw==",
      "engines": {
        "node": ">= 0.4"
      }
    },
    "node_modules/buffer-browserify": {
      "version": "0.2.5",
      "resolved": "https://registry.npmjs.org/buffer-browserify/-/buffer-browserify-0.2.5.tgz",
      "integrity": "sha512-3ko6TTBwXb15w2OgZuyAzLJwUFClBMvcKcmhF+iQ79G71K8Fc3RqKzroCN0a0DbZw2GM3q9lNoqfYYCTq6w7QA==",
      "deprecated": "Package not maintained. Recent browserify uses https://github.com/feross/buffer",
      "dependencies": {
        "base64-js": "0.0.8"
      }
    }
  }
}
